
Microsoft Visual Studio Solution File, Format Version 12.00
# Visual Studio Version 17
VisualStudioVersion = 17.10.34916.146
MinimumVisualStudioVersion = 10.0.40219.1
Project("{FAE04EC0-301F-11D3-BF4B-00C04F79EFBC}") = "EF", "EF\EF.csproj", "{5D46AAE0-2A6F-456C-A33F-9D3829493FE8}"
EndProject
Global
	GlobalSection(SolutionConfigurationPlatforms) = preSolution
		Debug|Any CPU = Debug|Any CPU
		Release|Any CPU = Release|Any CPU
	EndGlobalSection
	GlobalSection(ProjectConfigurationPlatforms) = postSolution
		{5D46AAE0-2A6F-456C-A33F-9D3829493FE8}.Debug|Any CPU.ActiveCfg = Debug|Any CPU
		{5D46AAE0-2A6F-456C-A33F-9D3829493FE8}.Debug|Any CPU.Build.0 = Debug|Any CPU
		{5D46AAE0-2A6F-456C-A33F-9D3829493FE8}.Release|Any CPU.ActiveCfg = Release|Any CPU
		{5D46AAE0-2A6F-456C-A33F-9D3829493FE8}.Release|Any CPU.Build.0 = Release|Any CPU
	EndGlobalSection
	GlobalSection(SolutionProperties) = preSolution
		HideSolutionNode = FALSE
	EndGlobalSection
	GlobalSection(ExtensibilityGlobals) = postSolution
		SolutionGuid = {E7C4493D-CBDA-4399-9164-BAD9957EAFE8}
	EndGlobalSection
EndGlobal
